{
  "version": 4,
  "terraform_version": "1.6.5",
  "serial": 114,
  "lineage": "f4b84c09-84c7-7bdc-ddf3-30c13c1e0617",
  "outputs": {
    "subnets": {
      "value": {
        "us-west1/aberg-us-west1-gke": {
          "creation_timestamp": "2023-12-14T21:59:41.670-08:00",
          "description": "",
          "external_ipv6_prefix": "",
          "fingerprint": null,
          "gateway_address": "172.16.0.1",
          "id": "projects/abridge-407504/regions/us-west1/subnetworks/aberg-us-west1-gke",
          "internal_ipv6_prefix": "",
          "ip_cidr_range": "172.16.0.0/20",
          "ipv6_access_type": "",
          "ipv6_cidr_range": "",
          "log_config": [],
          "name": "aberg-us-west1-gke",
          "network": "https://www.googleapis.com/compute/v1/projects/abridge-407504/global/networks/aberg-vpc",
          "private_ip_google_access": true,
          "private_ipv6_google_access": "DISABLE_GOOGLE_ACCESS",
          "project": "abridge-407504",
          "purpose": "PRIVATE",
          "region": "us-west1",
          "role": "",
          "secondary_ip_range": [],
          "self_link": "https://www.googleapis.com/compute/v1/projects/abridge-407504/regions/us-west1/subnetworks/aberg-us-west1-gke",
          "stack_type": "IPV4_ONLY",
          "timeouts": null
        },
        "us-west1/aberg-us-west1-pods": {
          "creation_timestamp": "2023-12-14T21:59:40.736-08:00",
          "description": "",
          "external_ipv6_prefix": "",
          "fingerprint": null,
          "gateway_address": "10.0.0.1",
          "id": "projects/abridge-407504/regions/us-west1/subnetworks/aberg-us-west1-pods",
          "internal_ipv6_prefix": "",
          "ip_cidr_range": "10.0.0.0/16",
          "ipv6_access_type": "",
          "ipv6_cidr_range": "",
          "log_config": [],
          "name": "aberg-us-west1-pods",
          "network": "https://www.googleapis.com/compute/v1/projects/abridge-407504/global/networks/aberg-vpc",
          "private_ip_google_access": true,
          "private_ipv6_google_access": "DISABLE_GOOGLE_ACCESS",
          "project": "abridge-407504",
          "purpose": "PRIVATE",
          "region": "us-west1",
          "role": "",
          "secondary_ip_range": [],
          "self_link": "https://www.googleapis.com/compute/v1/projects/abridge-407504/regions/us-west1/subnetworks/aberg-us-west1-pods",
          "stack_type": "IPV4_ONLY",
          "timeouts": null
        },
        "us-west1/aberg-us-west1-services": {
          "creation_timestamp": "2023-12-14T21:59:40.608-08:00",
          "description": "",
          "external_ipv6_prefix": "",
          "fingerprint": null,
          "gateway_address": "192.168.255.1",
          "id": "projects/abridge-407504/regions/us-west1/subnetworks/aberg-us-west1-services",
          "internal_ipv6_prefix": "",
          "ip_cidr_range": "192.168.255.0/24",
          "ipv6_access_type": "",
          "ipv6_cidr_range": "",
          "log_config": [],
          "name": "aberg-us-west1-services",
          "network": "https://www.googleapis.com/compute/v1/projects/abridge-407504/global/networks/aberg-vpc",
          "private_ip_google_access": true,
          "private_ipv6_google_access": "DISABLE_GOOGLE_ACCESS",
          "project": "abridge-407504",
          "purpose": "PRIVATE",
          "region": "us-west1",
          "role": "",
          "secondary_ip_range": [],
          "self_link": "https://www.googleapis.com/compute/v1/projects/abridge-407504/regions/us-west1/subnetworks/aberg-us-west1-services",
          "stack_type": "IPV4_ONLY",
          "timeouts": null
        }
      },
      "type": [
        "object",
        {
          "us-west1/aberg-us-west1-gke": [
            "object",
            {
              "creation_timestamp": "string",
              "description": "string",
              "external_ipv6_prefix": "string",
              "fingerprint": "string",
              "gateway_address": "string",
              "id": "string",
              "internal_ipv6_prefix": "string",
              "ip_cidr_range": "string",
              "ipv6_access_type": "string",
              "ipv6_cidr_range": "string",
              "log_config": [
                "list",
                [
                  "object",
                  {
                    "aggregation_interval": "string",
                    "filter_expr": "string",
                    "flow_sampling": "number",
                    "metadata": "string",
                    "metadata_fields": [
                      "set",
                      "string"
                    ]
                  }
                ]
              ],
              "name": "string",
              "network": "string",
              "private_ip_google_access": "bool",
              "private_ipv6_google_access": "string",
              "project": "string",
              "purpose": "string",
              "region": "string",
              "role": "string",
              "secondary_ip_range": [
                "list",
                [
                  "object",
                  {
                    "ip_cidr_range": "string",
                    "range_name": "string"
                  }
                ]
              ],
              "self_link": "string",
              "stack_type": "string",
              "timeouts": [
                "object",
                {
                  "create": "string",
                  "delete": "string",
                  "update": "string"
                }
              ]
            }
          ],
          "us-west1/aberg-us-west1-pods": [
            "object",
            {
              "creation_timestamp": "string",
              "description": "string",
              "external_ipv6_prefix": "string",
              "fingerprint": "string",
              "gateway_address": "string",
              "id": "string",
              "internal_ipv6_prefix": "string",
              "ip_cidr_range": "string",
              "ipv6_access_type": "string",
              "ipv6_cidr_range": "string",
              "log_config": [
                "list",
                [
                  "object",
                  {
                    "aggregation_interval": "string",
                    "filter_expr": "string",
                    "flow_sampling": "number",
                    "metadata": "string",
                    "metadata_fields": [
                      "set",
                      "string"
                    ]
                  }
                ]
              ],
              "name": "string",
              "network": "string",
              "private_ip_google_access": "bool",
              "private_ipv6_google_access": "string",
              "project": "string",
              "purpose": "string",
              "region": "string",
              "role": "string",
              "secondary_ip_range": [
                "list",
                [
                  "object",
                  {
                    "ip_cidr_range": "string",
                    "range_name": "string"
                  }
                ]
              ],
              "self_link": "string",
              "stack_type": "string",
              "timeouts": [
                "object",
                {
                  "create": "string",
                  "delete": "string",
                  "update": "string"
                }
              ]
            }
          ],
          "us-west1/aberg-us-west1-services": [
            "object",
            {
              "creation_timestamp": "string",
              "description": "string",
              "external_ipv6_prefix": "string",
              "fingerprint": "string",
              "gateway_address": "string",
              "id": "string",
              "internal_ipv6_prefix": "string",
              "ip_cidr_range": "string",
              "ipv6_access_type": "string",
              "ipv6_cidr_range": "string",
              "log_config": [
                "list",
                [
                  "object",
                  {
                    "aggregation_interval": "string",
                    "filter_expr": "string",
                    "flow_sampling": "number",
                    "metadata": "string",
                    "metadata_fields": [
                      "set",
                      "string"
                    ]
                  }
                ]
              ],
              "name": "string",
              "network": "string",
              "private_ip_google_access": "bool",
              "private_ipv6_google_access": "string",
              "project": "string",
              "purpose": "string",
              "region": "string",
              "role": "string",
              "secondary_ip_range": [
                "list",
                [
                  "object",
                  {
                    "ip_cidr_range": "string",
                    "range_name": "string"
                  }
                ]
              ],
              "self_link": "string",
              "stack_type": "string",
              "timeouts": [
                "object",
                {
                  "create": "string",
                  "delete": "string",
                  "update": "string"
                }
              ]
            }
          ]
        }
      ]
    }
  },
  "resources": [
    {
      "mode": "data",
      "type": "google_compute_zones",
      "name": "available",
      "provider": "provider[\"registry.terraform.io/hashicorp/google\"]",
      "instances": [
        {
          "schema_version": 0,
          "attributes": {
            "id": "projects/abridge-407504/regions/us-west1",
            "names": [
              "us-west1-a",
              "us-west1-b",
              "us-west1-c"
            ],
            "project": "abridge-407504",
            "region": "us-west1",
            "status": null
          },
          "sensitive_attributes": []
        }
      ]
    },
    {
      "module": "module.gcp_environment.module.kubernetes",
      "mode": "data",
      "type": "google_compute_zones",
      "name": "available",
      "provider": "provider[\"registry.terraform.io/hashicorp/google\"]",
      "instances": [
        {
          "schema_version": 0,
          "attributes": {
            "id": "projects/abridge-407504/regions/us-west1",
            "names": [
              "us-west1-a",
              "us-west1-b",
              "us-west1-c"
            ],
            "project": "abridge-407504",
            "region": "us-west1",
            "status": null
          },
          "sensitive_attributes": []
        }
      ]
    },
    {
      "module": "module.gcp_environment.module.kubernetes.module.gke",
      "mode": "data",
      "type": "google_container_engine_versions",
      "name": "region",
      "provider": "provider[\"registry.terraform.io/hashicorp/google\"]",
      "instances": [
        {
          "schema_version": 0,
          "attributes": {
            "default_cluster_version": "1.27.3-gke.100",
            "id": "2023-12-15 05:59:20.902898 +0000 UTC",
            "latest_master_version": "1.28.4-gke.1083000",
            "latest_node_version": "1.28.4-gke.1083000",
            "location": "us-west1",
            "project": "abridge-407504",
            "release_channel_default_version": {
              "RAPID": "1.28.3-gke.1203001",
              "REGULAR": "1.27.3-gke.100",
              "STABLE": "1.27.3-gke.100"
            },
            "release_channel_latest_version": {
              "RAPID": "1.28.4-gke.1083000",
              "REGULAR": "1.28.3-gke.1203001",
              "STABLE": "1.27.5-gke.200"
            },
            "valid_master_versions": [
              "1.28.4-gke.1083000",
              "1.28.3-gke.1286000",
              "1.28.3-gke.1203001",
              "1.28.3-gke.1118000",
              "1.27.8-gke.1067000",
              "1.27.7-gke.1293000",
              "1.27.7-gke.1121000",
              "1.27.7-gke.1056000",
              "1.27.5-gke.200",
              "1.27.4-gke.900",
              "1.27.3-gke.100",
              "1.27.2-gke.1200",
              "1.26.11-gke.1055000",
              "1.26.10-gke.1235000",
              "1.26.10-gke.1101000",
              "1.26.10-gke.1073000",
              "1.26.8-gke.200",
              "1.26.7-gke.500",
              "1.26.6-gke.1700",
              "1.26.5-gke.2100",
              "1.25.16-gke.1041000",
              "1.25.16-gke.1020000",
              "1.25.15-gke.1115000",
              "1.25.13-gke.200",
              "1.25.12-gke.500",
              "1.25.10-gke.2700",
              "1.24.17-gke.2364000",
              "1.24.17-gke.2347000",
              "1.24.17-gke.2266000",
              "1.24.17-gke.2230000",
              "1.24.17-gke.200",
              "1.24.16-gke.500"
            ],
            "valid_node_versions": [
              "1.28.4-gke.1083000",
              "1.28.3-gke.1286000",
              "1.28.3-gke.1203001",
              "1.28.3-gke.1203000",
              "1.28.3-gke.1118000",
              "1.28.3-gke.1098000",
              "1.28.3-gke.1090000",
              "1.28.2-gke.1157000",
              "1.27.8-gke.1067000",
              "1.27.7-gke.1293000",
              "1.27.7-gke.1121000",
              "1.27.7-gke.1088000",
              "1.27.7-gke.1056000",
              "1.27.7-gke.1038000",
              "1.27.6-gke.1506000",
              "1.27.6-gke.1445000",
              "1.27.6-gke.1248000",
              "1.27.5-gke.200",
              "1.27.4-gke.900",
              "1.27.3-gke.1700",
              "1.27.3-gke.100",
              "1.27.2-gke.2100",
              "1.27.2-gke.1200",
              "1.26.11-gke.1055000",
              "1.26.10-gke.1235000",
              "1.26.10-gke.1101000",
              "1.26.10-gke.1073000",
              "1.26.10-gke.1038000",
              "1.26.10-gke.1024000",
              "1.26.9-gke.1507000",
              "1.26.9-gke.1437000",
              "1.26.9-gke.1256000",
              "1.26.8-gke.200",
              "1.26.7-gke.500",
              "1.26.6-gke.1700",
              "1.26.5-gke.2700",
              "1.26.5-gke.2100",
              "1.26.5-gke.1400",
              "1.26.5-gke.1200",
              "1.26.4-gke.1400",
              "1.26.4-gke.500",
              "1.26.3-gke.1000",
              "1.26.3-gke.400",
              "1.26.2-gke.1000",
              "1.26.1-gke.1500",
              "1.25.16-gke.1041000",
              "1.25.16-gke.1020000",
              "1.25.15-gke.1115000",
              "1.25.15-gke.1083000",
              "1.25.15-gke.1049000",
              "1.25.15-gke.1033000",
              "1.25.14-gke.1474000",
              "1.25.14-gke.1421000",
              "1.25.14-gke.1256000",
              "1.25.13-gke.200",
              "1.25.12-gke.500",
              "1.25.11-gke.1700",
              "1.25.10-gke.2700",
              "1.25.10-gke.2100",
              "1.25.10-gke.1400",
              "1.25.10-gke.1200",
              "1.25.9-gke.2300",
              "1.25.9-gke.400",
              "1.25.8-gke.1000",
              "1.25.8-gke.500",
              "1.25.7-gke.1000",
              "1.25.6-gke.1000",
              "1.25.6-gke.200",
              "1.25.5-gke.2000",
              "1.25.5-gke.1500",
              "1.25.4-gke.2100",
              "1.25.3-gke.800",
              "1.24.17-gke.2364000",
              "1.24.17-gke.2347000",
              "1.24.17-gke.2266000",
              "1.24.17-gke.2230000",
              "1.24.17-gke.2211000",
              "1.24.17-gke.2198000",
              "1.24.17-gke.2155000",
              "1.24.17-gke.2113000",
              "1.24.17-gke.1963000",
              "1.24.17-gke.200",
              "1.24.16-gke.500",
              "1.24.15-gke.1700",
              "1.24.14-gke.2700",
              "1.24.14-gke.2100",
              "1.24.14-gke.1400",
              "1.24.14-gke.1200",
              "1.24.13-gke.2500",
              "1.24.13-gke.500",
              "1.24.12-gke.1000",
              "1.24.12-gke.500",
              "1.24.11-gke.1000",
              "1.24.10-gke.2300",
              "1.24.10-gke.1200",
              "1.24.9-gke.3200",
              "1.24.9-gke.2000",
              "1.24.9-gke.1500",
              "1.24.8-gke.2000",
              "1.24.8-gke.401",
              "1.24.7-gke.900",
              "1.24.6-gke.1500",
              "1.24.5-gke.600",
              "1.24.4-gke.800",
              "1.24.3-gke.2100",
              "1.24.3-gke.900",
              "1.24.3-gke.200",
              "1.24.2-gke.1900",
              "1.24.2-gke.300",
              "1.24.1-gke.1800",
              "1.24.1-gke.1400",
              "1.23.17-gke.10700",
              "1.23.17-gke.10000",
              "1.23.17-gke.8400",
              "1.23.17-gke.7700",
              "1.23.17-gke.7000",
              "1.23.17-gke.6800",
              "1.23.17-gke.5600",
              "1.23.17-gke.3600",
              "1.23.17-gke.2000",
              "1.23.17-gke.1700",
              "1.23.17-gke.300",
              "1.23.16-gke.2500",
              "1.23.16-gke.1400",
              "1.23.16-gke.1100",
              "1.23.16-gke.200",
              "1.23.15-gke.1900",
              "1.23.15-gke.1400",
              "1.23.14-gke.1800",
              "1.23.14-gke.401",
              "1.23.13-gke.900",
              "1.23.12-gke.1600",
              "1.23.12-gke.100",
              "1.23.11-gke.300",
              "1.23.10-gke.1000",
              "1.23.9-gke.2100",
              "1.23.9-gke.900",
              "1.23.8-gke.1900",
              "1.23.8-gke.400",
              "1.23.7-gke.1400",
              "1.23.6-gke.2200",
              "1.23.6-gke.1700",
              "1.23.6-gke.1501",
              "1.23.6-gke.1500",
              "1.23.5-gke.2400",
              "1.23.5-gke.1503",
              "1.23.5-gke.1501",
              "1.22.17-gke.14100",
              "1.22.17-gke.13400",
              "1.22.17-gke.12700",
              "1.22.17-gke.11400",
              "1.22.17-gke.9400",
              "1.22.17-gke.8000",
              "1.22.17-gke.7500",
              "1.22.17-gke.6100",
              "1.22.17-gke.5400",
              "1.22.17-gke.4300",
              "1.22.17-gke.4000",
              "1.22.17-gke.3100",
              "1.22.17-gke.1900",
              "1.22.17-gke.1400",
              "1.22.16-gke.2000",
              "1.22.16-gke.1300",
              "1.22.15-gke.2500",
              "1.22.15-gke.1000",
              "1.22.15-gke.100",
              "1.22.14-gke.300",
              "1.22.13-gke.1000",
              "1.22.12-gke.2300",
              "1.22.12-gke.1200",
              "1.22.12-gke.500",
              "1.22.12-gke.300",
              "1.22.11-gke.400",
              "1.22.10-gke.600",
              "1.22.9-gke.2000",
              "1.22.9-gke.1500",
              "1.22.9-gke.1300",
              "1.22.8-gke.2200",
              "1.22.8-gke.202",
              "1.22.8-gke.201",
              "1.22.8-gke.200",
              "1.22.7-gke.1500",
              "1.22.7-gke.1300",
              "1.22.7-gke.900",
              "1.22.7-gke.300",
              "1.22.6-gke.1000",
              "1.22.6-gke.300",
              "1.22.4-gke.1501",
              "1.22.3-gke.1500",
              "1.21.14-gke.18800",
              "1.21.14-gke.18100",
              "1.21.14-gke.15800",
              "1.21.14-gke.14600",
              "1.21.14-gke.14100",
              "1.21.14-gke.8500",
              "1.21.14-gke.7100",
              "1.21.14-gke.5300",
              "1.21.14-gke.4300",
              "1.21.14-gke.3000",
              "1.21.14-gke.2700",
              "1.21.14-gke.2100",
              "1.21.14-gke.700",
              "1.21.13-gke.900",
              "1.21.12-gke.2200",
              "1.21.12-gke.1700",
              "1.21.12-gke.1500",
              "1.21.11-gke.1900",
              "1.21.11-gke.1100",
              "1.21.11-gke.900",
              "1.21.10-gke.2000",
              "1.21.10-gke.1500",
              "1.21.10-gke.1300",
              "1.21.10-gke.400",
              "1.21.9-gke.1002",
              "1.21.9-gke.1001",
              "1.21.9-gke.1000",
              "1.21.9-gke.300",
              "1.21.6-gke.1503",
              "1.21.6-gke.1501",
              "1.21.6-gke.1500",
              "1.21.5-gke.1805",
              "1.21.5-gke.1802",
              "1.21.5-gke.1302",
              "1.21.5-gke.1300",
              "1.21.4-gke.2302",
              "1.21.4-gke.2300",
              "1.21.3-gke.2003",
              "1.21.3-gke.2001",
              "1.20.15-gke.13700",
              "1.20.15-gke.13400",
              "1.20.15-gke.12800",
              "1.20.15-gke.11400",
              "1.20.15-gke.9900",
              "1.20.15-gke.8700",
              "1.20.15-gke.8200",
              "1.20.15-gke.8000",
              "1.20.15-gke.6000",
              "1.20.15-gke.5200",
              "1.20.15-gke.5000",
              "1.20.15-gke.4100",
              "1.20.15-gke.3600",
              "1.20.15-gke.3400",
              "1.20.15-gke.2500",
              "1.20.15-gke.1000",
              "1.20.15-gke.300",
              "1.20.12-gke.1500",
              "1.20.11-gke.1801",
              "1.20.11-gke.1300",
              "1.20.10-gke.2100",
              "1.20.10-gke.1600",
              "1.20.10-gke.301",
              "1.20.9-gke.2100",
              "1.20.9-gke.1001",
              "1.20.9-gke.1000",
              "1.20.9-gke.701",
              "1.20.9-gke.700",
              "1.20.8-gke.2101",
              "1.20.8-gke.2100",
              "1.20.8-gke.900",
              "1.20.8-gke.700",
              "1.20.7-gke.2200",
              "1.20.7-gke.1800",
              "1.20.6-gke.1400",
              "1.20.6-gke.1000",
              "1.19.16-gke.15700",
              "1.19.16-gke.14500",
              "1.19.16-gke.14000",
              "1.19.16-gke.13800",
              "1.19.16-gke.11800",
              "1.19.16-gke.11000",
              "1.19.16-gke.10800",
              "1.19.16-gke.9900",
              "1.19.16-gke.9400",
              "1.19.16-gke.9200",
              "1.19.16-gke.8300",
              "1.19.16-gke.6800",
              "1.19.16-gke.6100",
              "1.19.16-gke.3600",
              "1.19.16-gke.1500",
              "1.19.15-gke.1801",
              "1.19.15-gke.1300",
              "1.19.15-gke.500",
              "1.19.14-gke.2300",
              "1.19.14-gke.1900",
              "1.19.14-gke.301",
              "1.19.14-gke.300",
              "1.19.13-gke.1900",
              "1.19.13-gke.1200",
              "1.19.13-gke.701",
              "1.19.13-gke.700",
              "1.19.12-gke.2101",
              "1.19.12-gke.2100",
              "1.19.12-gke.1100",
              "1.19.12-gke.900",
              "1.19.12-gke.700",
              "1.19.11-gke.2101",
              "1.19.11-gke.2100",
              "1.19.11-gke.1701",
              "1.19.11-gke.1700",
              "1.19.10-gke.1701",
              "1.19.10-gke.1700",
              "1.19.10-gke.1601",
              "1.19.10-gke.1600",
              "1.19.10-gke.1001",
              "1.19.10-gke.1000",
              "1.19.9-gke.1900",
              "1.19.9-gke.1400",
              "1.19.9-gke.700",
              "1.19.9-gke.100",
              "1.19.8-gke.2000",
              "1.19.8-gke.1600",
              "1.19.8-gke.1000",
              "1.19.7-gke.2503",
              "1.19.7-gke.1500",
              "1.19.7-gke.1302",
              "1.19.7-gke.800",
              "1.19.6-gke.1700",
              "1.19.6-gke.1100",
              "1.19.6-gke.600",
              "1.18.20-gke.6101",
              "1.18.20-gke.6000",
              "1.18.20-gke.4501",
              "1.18.20-gke.4500",
              "1.18.20-gke.4100",
              "1.18.20-gke.3300",
              "1.18.20-gke.3001",
              "1.18.20-gke.3000",
              "1.18.20-gke.2300",
              "1.18.20-gke.901",
              "1.18.20-gke.900",
              "1.18.20-gke.501",
              "1.18.19-gke.2101",
              "1.18.19-gke.2100",
              "1.18.19-gke.1701",
              "1.18.19-gke.1700",
              "1.18.18-gke.1701",
              "1.18.18-gke.1700",
              "1.18.18-gke.1101",
              "1.18.18-gke.1100",
              "1.18.17-gke.1901",
              "1.18.17-gke.1900",
              "1.18.17-gke.1201",
              "1.18.17-gke.1200",
              "1.18.17-gke.700",
              "1.18.17-gke.100",
              "1.18.16-gke.2100",
              "1.18.16-gke.1201",
              "1.18.16-gke.1200",
              "1.18.16-gke.502",
              "1.18.16-gke.500",
              "1.18.16-gke.302",
              "1.18.16-gke.300",
              "1.18.15-gke.2500",
              "1.18.15-gke.1502",
              "1.18.15-gke.1501",
              "1.18.15-gke.1500",
              "1.18.15-gke.1102",
              "1.18.15-gke.1100",
              "1.18.15-gke.800",
              "1.18.14-gke.1600",
              "1.18.14-gke.1200",
              "1.18.12-gke.1210",
              "1.18.12-gke.1206",
              "1.18.12-gke.1205",
              "1.18.12-gke.1201",
              "1.18.12-gke.1200",
              "1.18.12-gke.300",
              "1.18.10-gke.2701",
              "1.18.10-gke.2101",
              "1.18.10-gke.1500",
              "1.18.10-gke.601",
              "1.18.9-gke.2501",
              "1.18.9-gke.1501",
              "1.18.9-gke.801",
              "1.18.6-gke.4801",
              "1.18.6-gke.3504",
              "1.18.6-gke.3503",
              "1.17.17-gke.9100",
              "1.17.17-gke.8500",
              "1.17.17-gke.8200",
              "1.17.17-gke.7800",
              "1.17.17-gke.7200",
              "1.17.17-gke.6700",
              "1.17.17-gke.6000",
              "1.17.17-gke.5400",
              "1.17.17-gke.4900",
              "1.17.17-gke.4400",
              "1.17.17-gke.3700",
              "1.17.17-gke.3000",
              "1.17.17-gke.2800",
              "1.17.17-gke.2500",
              "1.17.17-gke.1500",
              "1.17.17-gke.1101",
              "1.17.17-gke.1100",
              "1.17.17-gke.600",
              "1.17.16-gke.1600",
              "1.17.16-gke.1300",
              "1.17.15-gke.800",
              "1.17.15-gke.300",
              "1.17.14-gke.1600",
              "1.17.14-gke.1200",
              "1.17.14-gke.400",
              "1.17.13-gke.2600",
              "1.17.13-gke.2001",
              "1.17.13-gke.1401",
              "1.17.13-gke.1400",
              "1.17.13-gke.600",
              "1.17.12-gke.2502",
              "1.17.12-gke.1504",
              "1.17.12-gke.1501",
              "1.17.12-gke.500",
              "1.17.9-gke.6300",
              "1.17.9-gke.1504",
              "1.16.15-gke.14800",
              "1.16.15-gke.12500",
              "1.16.15-gke.11800",
              "1.16.15-gke.10600",
              "1.16.15-gke.7801",
              "1.16.15-gke.7800",
              "1.16.15-gke.7300",
              "1.16.15-gke.6900",
              "1.16.15-gke.6000",
              "1.16.15-gke.5500",
              "1.16.15-gke.4901",
              "1.16.15-gke.4301",
              "1.16.15-gke.4300",
              "1.16.15-gke.3500",
              "1.16.15-gke.2601",
              "1.16.15-gke.1600",
              "1.16.15-gke.500",
              "1.16.13-gke.404",
              "1.16.13-gke.403",
              "1.16.13-gke.401",
              "1.16.13-gke.400",
              "1.16.13-gke.1",
              "1.16.11-gke.5",
              "1.16.10-gke.8",
              "1.16.9-gke.6",
              "1.16.9-gke.2",
              "1.16.8-gke.15",
              "1.16.8-gke.12",
              "1.16.8-gke.9",
              "1.15.12-gke.6002",
              "1.15.12-gke.6001",
              "1.15.12-gke.5000",
              "1.15.12-gke.4002",
              "1.15.12-gke.4000",
              "1.15.12-gke.20",
              "1.15.12-gke.17",
              "1.15.12-gke.16",
              "1.15.12-gke.13",
              "1.15.12-gke.9",
              "1.15.12-gke.6",
              "1.15.12-gke.3",
              "1.15.12-gke.2",
              "1.15.11-gke.17",
              "1.15.11-gke.15",
              "1.15.11-gke.13",
              "1.15.11-gke.12",
              "1.15.11-gke.11",
              "1.15.11-gke.9",
              "1.15.11-gke.5",
              "1.15.11-gke.3",
              "1.15.11-gke.1",
              "1.15.9-gke.26",
              "1.15.9-gke.24",
              "1.15.9-gke.22",
              "1.15.9-gke.12",
              "1.15.9-gke.9",
              "1.15.9-gke.8",
              "1.15.8-gke.3",
              "1.15.8-gke.2",
              "1.15.7-gke.23",
              "1.15.7-gke.2",
              "1.15.4-gke.22",
              "1.14.10-gke.1504",
              "1.14.10-gke.902",
              "1.14.10-gke.50",
              "1.14.10-gke.46",
              "1.14.10-gke.45",
              "1.14.10-gke.42",
              "1.14.10-gke.41",
              "1.14.10-gke.40",
              "1.14.10-gke.37",
              "1.14.10-gke.36",
              "1.14.10-gke.34",
              "1.14.10-gke.32",
              "1.14.10-gke.31",
              "1.14.10-gke.27",
              "1.14.10-gke.24",
              "1.14.10-gke.22",
              "1.14.10-gke.21",
              "1.14.10-gke.17",
              "1.14.10-gke.0",
              "1.14.9-gke.23",
              "1.14.9-gke.2",
              "1.14.9-gke.0",
              "1.14.8-gke.33",
              "1.14.8-gke.21",
              "1.14.8-gke.18",
              "1.14.8-gke.17",
              "1.14.8-gke.14",
              "1.14.8-gke.12",
              "1.14.8-gke.7",
              "1.14.8-gke.2",
              "1.14.7-gke.40",
              "1.14.7-gke.25",
              "1.14.7-gke.23",
              "1.14.7-gke.17",
              "1.14.7-gke.14",
              "1.14.7-gke.10",
              "1.14.6-gke.13",
              "1.14.6-gke.2",
              "1.14.6-gke.1",
              "1.14.3-gke.11",
              "1.14.3-gke.10",
              "1.14.3-gke.9",
              "1.14.2-gke.9",
              "1.14.1-gke.5",
              "1.13.12-gke.30",
              "1.13.12-gke.25",
              "1.13.12-gke.17",
              "1.13.12-gke.16",
              "1.13.12-gke.14",
              "1.13.12-gke.13",
              "1.13.12-gke.10",
              "1.13.12-gke.8",
              "1.13.12-gke.4",
              "1.13.12-gke.2",
              "1.13.11-gke.23",
              "1.13.11-gke.15",
              "1.13.11-gke.14",
              "1.13.11-gke.12",
              "1.13.11-gke.11",
              "1.13.11-gke.9",
              "1.13.11-gke.5",
              "1.13.10-gke.7",
              "1.13.10-gke.0",
              "1.13.9-gke.11",
              "1.13.9-gke.3",
              "1.13.7-gke.24",
              "1.13.7-gke.19",
              "1.13.7-gke.15",
              "1.13.7-gke.8",
              "1.13.7-gke.0",
              "1.13.6-gke.13",
              "1.13.6-gke.6",
              "1.13.6-gke.5",
              "1.13.6-gke.0",
              "1.13.5-gke.10",
              "1.12.10-gke.22",
              "1.12.10-gke.20",
              "1.12.10-gke.19",
              "1.12.10-gke.18",
              "1.12.10-gke.17",
              "1.12.10-gke.15",
              "1.12.10-gke.13",
              "1.12.10-gke.11",
              "1.12.10-gke.5",
              "1.12.9-gke.16",
              "1.12.9-gke.15",
              "1.12.9-gke.13",
              "1.12.9-gke.10",
              "1.12.9-gke.7",
              "1.12.9-gke.3",
              "1.12.8-gke.12",
              "1.12.8-gke.10",
              "1.12.8-gke.7",
              "1.12.8-gke.6",
              "1.12.7-gke.26",
              "1.12.7-gke.25",
              "1.12.7-gke.24",
              "1.12.7-gke.22",
              "1.12.7-gke.21",
              "1.12.7-gke.17",
              "1.12.7-gke.10",
              "1.12.7-gke.7",
              "1.12.6-gke.11",
              "1.12.6-gke.10",
              "1.12.6-gke.7",
              "1.12.5-gke.10",
              "1.12.5-gke.5",
              "1.11.10-gke.6",
              "1.11.10-gke.5"
            ],
            "version_prefix": null
          },
          "sensitive_attributes": []
        }
      ]
    },
    {
      "module": "module.gcp_environment.module.kubernetes.module.gke",
      "mode": "data",
      "type": "google_container_engine_versions",
      "name": "zone",
      "provider": "provider[\"registry.terraform.io/hashicorp/google\"]",
      "instances": [
        {
          "schema_version": 0,
          "attributes": {
            "default_cluster_version": "1.27.3-gke.100",
            "id": "2023-12-15 05:59:20.935111 +0000 UTC",
            "latest_master_version": "1.28.3-gke.1286000",
            "latest_node_version": "1.28.3-gke.1286000",
            "location": "us-west1-a",
            "project": "abridge-407504",
            "release_channel_default_version": {
              "RAPID": "1.28.3-gke.1203001",
              "REGULAR": "1.27.3-gke.100",
              "STABLE": "1.27.3-gke.100"
            },
            "release_channel_latest_version": {
              "RAPID": "1.28.3-gke.1286000",
              "REGULAR": "1.28.3-gke.1203001",
              "STABLE": "1.27.5-gke.200"
            },
            "valid_master_versions": [
              "1.28.3-gke.1286000",
              "1.28.3-gke.1203001",
              "1.27.7-gke.1293000",
              "1.27.7-gke.1121000",
              "1.27.5-gke.200",
              "1.27.4-gke.900",
              "1.27.3-gke.1700",
              "1.27.3-gke.100",
              "1.27.2-gke.1200",
              "1.26.10-gke.1235000",
              "1.26.10-gke.1101000",
              "1.26.8-gke.200",
              "1.26.7-gke.500",
              "1.26.6-gke.1700",
              "1.26.5-gke.2100",
              "1.25.16-gke.1020000",
              "1.25.15-gke.1115000",
              "1.25.13-gke.200",
              "1.25.12-gke.500",
              "1.25.10-gke.2700",
              "1.24.17-gke.2347000",
              "1.24.17-gke.2266000",
              "1.24.17-gke.200",
              "1.24.16-gke.500"
            ],
            "valid_node_versions": [
              "1.28.3-gke.1286000",
              "1.28.3-gke.1203001",
              "1.27.7-gke.1293000",
              "1.27.7-gke.1121000",
              "1.27.7-gke.1088000",
              "1.27.7-gke.1056000",
              "1.27.7-gke.1038000",
              "1.27.6-gke.1506000",
              "1.27.6-gke.1445000",
              "1.27.6-gke.1248000",
              "1.27.5-gke.200",
              "1.27.4-gke.900",
              "1.27.3-gke.1700",
              "1.27.3-gke.100",
              "1.27.2-gke.2100",
              "1.27.2-gke.1200",
              "1.26.10-gke.1235000",
              "1.26.10-gke.1101000",
              "1.26.10-gke.1073000",
              "1.26.10-gke.1038000",
              "1.26.10-gke.1024000",
              "1.26.9-gke.1507000",
              "1.26.9-gke.1437000",
              "1.26.8-gke.200",
              "1.26.7-gke.500",
              "1.26.6-gke.1700",
              "1.26.5-gke.2700",
              "1.26.5-gke.2100",
              "1.26.5-gke.1400",
              "1.26.5-gke.1200",
              "1.26.4-gke.1400",
              "1.26.4-gke.500",
              "1.26.3-gke.1000",
              "1.26.3-gke.400",
              "1.26.2-gke.1000",
              "1.26.1-gke.1500",
              "1.25.16-gke.1020000",
              "1.25.15-gke.1115000",
              "1.25.15-gke.1083000",
              "1.25.15-gke.1049000",
              "1.25.15-gke.1033000",
              "1.25.14-gke.1474000",
              "1.25.14-gke.1421000",
              "1.25.13-gke.200",
              "1.25.12-gke.500",
              "1.25.11-gke.1700",
              "1.25.10-gke.2700",
              "1.25.10-gke.2100",
              "1.25.10-gke.1400",
              "1.25.10-gke.1200",
              "1.25.9-gke.2300",
              "1.25.9-gke.400",
              "1.25.8-gke.1000",
              "1.25.8-gke.500",
              "1.25.7-gke.1000",
              "1.25.6-gke.1000",
              "1.25.6-gke.200",
              "1.25.5-gke.2000",
              "1.25.5-gke.1500",
              "1.25.4-gke.2100",
              "1.25.3-gke.800",
              "1.24.17-gke.2347000",
              "1.24.17-gke.2266000",
              "1.24.17-gke.2230000",
              "1.24.17-gke.2211000",
              "1.24.17-gke.2198000",
              "1.24.17-gke.2155000",
              "1.24.17-gke.2113000",
              "1.24.17-gke.200",
              "1.24.16-gke.500",
              "1.24.15-gke.1700",
              "1.24.14-gke.2700",
              "1.24.14-gke.2100",
              "1.24.14-gke.1400",
              "1.24.14-gke.1200",
              "1.24.13-gke.2500",
              "1.24.13-gke.500",
              "1.24.12-gke.1000",
              "1.24.12-gke.500",
              "1.24.11-gke.1000",
              "1.24.10-gke.2300",
              "1.24.10-gke.1200",
              "1.24.9-gke.3200",
              "1.24.9-gke.2000",
              "1.24.9-gke.1500",
              "1.24.8-gke.2000",
              "1.24.8-gke.401",
              "1.24.7-gke.900",
              "1.24.6-gke.1500",
              "1.24.5-gke.600",
              "1.24.4-gke.800",
              "1.24.3-gke.2100",
              "1.24.3-gke.900",
              "1.24.3-gke.200",
              "1.24.2-gke.1900",
              "1.24.2-gke.300",
              "1.24.1-gke.1800",
              "1.24.1-gke.1400",
              "1.23.17-gke.10700",
              "1.23.17-gke.10000",
              "1.23.17-gke.8400",
              "1.23.17-gke.7700",
              "1.23.17-gke.7000",
              "1.23.17-gke.6800",
              "1.23.17-gke.5600",
              "1.23.17-gke.3600",
              "1.23.17-gke.2000",
              "1.23.17-gke.1700",
              "1.23.17-gke.300",
              "1.23.16-gke.2500",
              "1.23.16-gke.1400",
              "1.23.16-gke.1100",
              "1.23.16-gke.200",
              "1.23.15-gke.1900",
              "1.23.15-gke.1400",
              "1.23.14-gke.1800",
              "1.23.14-gke.401",
              "1.23.13-gke.900",
              "1.23.12-gke.1600",
              "1.23.12-gke.100",
              "1.23.11-gke.300",
              "1.23.10-gke.1000",
              "1.23.9-gke.2100",
              "1.23.9-gke.900",
              "1.23.8-gke.1900",
              "1.23.8-gke.400",
              "1.23.7-gke.1400",
              "1.23.6-gke.2200",
              "1.23.6-gke.1700",
              "1.23.6-gke.1501",
              "1.23.6-gke.1500",
              "1.23.5-gke.2400",
              "1.23.5-gke.1503",
              "1.23.5-gke.1501",
              "1.22.17-gke.14100",
              "1.22.17-gke.13400",
              "1.22.17-gke.12700",
              "1.22.17-gke.11400",
              "1.22.17-gke.9400",
              "1.22.17-gke.8000",
              "1.22.17-gke.7500",
              "1.22.17-gke.6100",
              "1.22.17-gke.5400",
              "1.22.17-gke.4300",
              "1.22.17-gke.4000",
              "1.22.17-gke.3100",
              "1.22.17-gke.1900",
              "1.22.17-gke.1400",
              "1.22.16-gke.2000",
              "1.22.16-gke.1300",
              "1.22.15-gke.2500",
              "1.22.15-gke.1000",
              "1.22.15-gke.100",
              "1.22.14-gke.300",
              "1.22.13-gke.1000",
              "1.22.12-gke.2300",
              "1.22.12-gke.1200",
              "1.22.12-gke.500",
              "1.22.12-gke.300",
              "1.22.11-gke.400",
              "1.22.10-gke.600",
              "1.22.9-gke.2000",
              "1.22.9-gke.1500",
              "1.22.9-gke.1300",
              "1.22.8-gke.2200",
              "1.22.8-gke.202",
              "1.22.8-gke.201",
              "1.22.8-gke.200",
              "1.22.7-gke.1500",
              "1.22.7-gke.1300",
              "1.22.7-gke.900",
              "1.22.7-gke.300",
              "1.22.6-gke.1000",
              "1.22.6-gke.300",
              "1.22.4-gke.1501",
              "1.22.3-gke.1500",
              "1.21.14-gke.18800",
              "1.21.14-gke.18100",
              "1.21.14-gke.15800",
              "1.21.14-gke.14600",
              "1.21.14-gke.14100",
              "1.21.14-gke.8500",
              "1.21.14-gke.7100",
              "1.21.14-gke.5300",
              "1.21.14-gke.4300",
              "1.21.14-gke.3000",
              "1.21.14-gke.2700",
              "1.21.14-gke.2100",
              "1.21.14-gke.700",
              "1.21.13-gke.900",
              "1.21.12-gke.2200",
              "1.21.12-gke.1700",
              "1.21.12-gke.1500",
              "1.21.11-gke.1900",
              "1.21.11-gke.1100",
              "1.21.11-gke.900",
              "1.21.10-gke.2000",
              "1.21.10-gke.1500",
              "1.21.10-gke.1300",
              "1.21.10-gke.400",
              "1.21.9-gke.1002",
              "1.21.9-gke.1001",
              "1.21.9-gke.1000",
              "1.21.9-gke.300",
              "1.21.6-gke.1503",
              "1.21.6-gke.1501",
              "1.21.6-gke.1500",
              "1.21.5-gke.1805",
              "1.21.5-gke.1802",
              "1.21.5-gke.1302",
              "1.21.5-gke.1300",
              "1.21.4-gke.2302",
              "1.21.4-gke.2300",
              "1.21.3-gke.2003",
              "1.21.3-gke.2001",
              "1.20.15-gke.13700",
              "1.20.15-gke.13400",
              "1.20.15-gke.12800",
              "1.20.15-gke.11400",
              "1.20.15-gke.9900",
              "1.20.15-gke.8700",
              "1.20.15-gke.8200",
              "1.20.15-gke.8000",
              "1.20.15-gke.6000",
              "1.20.15-gke.5200",
              "1.20.15-gke.5000",
              "1.20.15-gke.4100",
              "1.20.15-gke.3600",
              "1.20.15-gke.3400",
              "1.20.15-gke.2500",
              "1.20.15-gke.1000",
              "1.20.15-gke.300",
              "1.20.12-gke.1500",
              "1.20.11-gke.1801",
              "1.20.11-gke.1300",
              "1.20.10-gke.2100",
              "1.20.10-gke.1600",
              "1.20.10-gke.301",
              "1.20.9-gke.2100",
              "1.20.9-gke.1001",
              "1.20.9-gke.1000",
              "1.20.9-gke.701",
              "1.20.9-gke.700",
              "1.20.8-gke.2101",
              "1.20.8-gke.2100",
              "1.20.8-gke.900",
              "1.20.8-gke.700",
              "1.20.7-gke.2200",
              "1.20.7-gke.1800",
              "1.20.6-gke.1400",
              "1.20.6-gke.1000",
              "1.19.16-gke.15700",
              "1.19.16-gke.14500",
              "1.19.16-gke.14000",
              "1.19.16-gke.13800",
              "1.19.16-gke.11800",
              "1.19.16-gke.11000",
              "1.19.16-gke.10800",
              "1.19.16-gke.9900",
              "1.19.16-gke.9400",
              "1.19.16-gke.9200",
              "1.19.16-gke.8300",
              "1.19.16-gke.6800",
              "1.19.16-gke.6100",
              "1.19.16-gke.3600",
              "1.19.15-gke.1801",
              "1.19.15-gke.1300",
              "1.19.15-gke.500",
              "1.19.14-gke.2300",
              "1.19.14-gke.1900",
              "1.19.14-gke.301",
              "1.19.14-gke.300",
              "1.19.13-gke.1900",
              "1.19.13-gke.1200",
              "1.19.13-gke.701",
              "1.19.13-gke.700",
              "1.19.12-gke.2101",
              "1.19.12-gke.2100",
              "1.19.12-gke.1100",
              "1.19.12-gke.900",
              "1.19.12-gke.700",
              "1.19.11-gke.2101",
              "1.19.11-gke.2100",
              "1.19.11-gke.1701",
              "1.19.11-gke.1700",
              "1.19.10-gke.1701",
              "1.19.10-gke.1700",
              "1.19.10-gke.1601",
              "1.19.10-gke.1600",
              "1.19.10-gke.1001",
              "1.19.10-gke.1000",
              "1.19.9-gke.1900",
              "1.19.9-gke.1400",
              "1.19.9-gke.700",
              "1.19.9-gke.100",
              "1.19.8-gke.2000",
              "1.19.8-gke.1600",
              "1.19.8-gke.1000",
              "1.19.7-gke.2503",
              "1.19.7-gke.1500",
              "1.19.7-gke.1302",
              "1.19.7-gke.800",
              "1.19.6-gke.1700",
              "1.19.6-gke.1100",
              "1.19.6-gke.600",
              "1.18.20-gke.6101",
              "1.18.20-gke.6000",
              "1.18.20-gke.4501",
              "1.18.20-gke.4500",
              "1.18.20-gke.4100",
              "1.18.20-gke.3300",
              "1.18.20-gke.3001",
              "1.18.20-gke.3000",
              "1.18.20-gke.2300",
              "1.18.20-gke.901",
              "1.18.20-gke.900",
              "1.18.20-gke.501",
              "1.18.19-gke.2101",
              "1.18.19-gke.2100",
              "1.18.19-gke.1701",
              "1.18.19-gke.1700",
              "1.18.18-gke.1701",
              "1.18.18-gke.1700",
              "1.18.18-gke.1101",
              "1.18.18-gke.1100",
              "1.18.17-gke.1901",
              "1.18.17-gke.1900",
              "1.18.17-gke.1201",
              "1.18.17-gke.1200",
              "1.18.17-gke.700",
              "1.18.17-gke.100",
              "1.18.16-gke.2100",
              "1.18.16-gke.1201",
              "1.18.16-gke.1200",
              "1.18.16-gke.502",
              "1.18.16-gke.500",
              "1.18.16-gke.302",
              "1.18.16-gke.300",
              "1.18.15-gke.2500",
              "1.18.15-gke.1502",
              "1.18.15-gke.1501",
              "1.18.15-gke.1500",
              "1.18.15-gke.1102",
              "1.18.15-gke.1100",
              "1.18.15-gke.800",
              "1.18.14-gke.1600",
              "1.18.14-gke.1200",
              "1.18.12-gke.1210",
              "1.18.12-gke.1206",
              "1.18.12-gke.1205",
              "1.18.12-gke.1201",
              "1.18.12-gke.1200",
              "1.18.12-gke.300",
              "1.18.10-gke.2701",
              "1.18.10-gke.2101",
              "1.18.10-gke.1500",
              "1.18.10-gke.601",
              "1.18.9-gke.2501",
              "1.18.9-gke.1501",
              "1.18.9-gke.801",
              "1.18.6-gke.4801",
              "1.18.6-gke.3504",
              "1.18.6-gke.3503",
              "1.17.17-gke.9100",
              "1.17.17-gke.8500",
              "1.17.17-gke.8200",
              "1.17.17-gke.7800",
              "1.17.17-gke.7200",
              "1.17.17-gke.6700",
              "1.17.17-gke.6000",
              "1.17.17-gke.5400",
              "1.17.17-gke.4900",
              "1.17.17-gke.4400",
              "1.17.17-gke.3700",
              "1.17.17-gke.3000",
              "1.17.17-gke.2800",
              "1.17.17-gke.2500",
              "1.17.17-gke.1500",
              "1.17.17-gke.1101",
              "1.17.17-gke.1100",
              "1.17.17-gke.600",
              "1.17.16-gke.1600",
              "1.17.16-gke.1300",
              "1.17.15-gke.800",
              "1.17.15-gke.300",
              "1.17.14-gke.1600",
              "1.17.14-gke.1200",
              "1.17.14-gke.400",
              "1.17.13-gke.2600",
              "1.17.13-gke.2001",
              "1.17.13-gke.1401",
              "1.17.13-gke.1400",
              "1.17.13-gke.600",
              "1.17.12-gke.2502",
              "1.17.12-gke.1504",
              "1.17.12-gke.1501",
              "1.17.12-gke.500",
              "1.17.9-gke.6300",
              "1.17.9-gke.1504",
              "1.16.15-gke.14800",
              "1.16.15-gke.12500",
              "1.16.15-gke.11800",
              "1.16.15-gke.10600",
              "1.16.15-gke.7801",
              "1.16.15-gke.7800",
              "1.16.15-gke.7300",
              "1.16.15-gke.6900",
              "1.16.15-gke.6000",
              "1.16.15-gke.5500",
              "1.16.15-gke.4901",
              "1.16.15-gke.4301",
              "1.16.15-gke.4300",
              "1.16.15-gke.3500",
              "1.16.15-gke.2601",
              "1.16.15-gke.1600",
              "1.16.15-gke.500",
              "1.16.13-gke.404",
              "1.16.13-gke.403",
              "1.16.13-gke.401",
              "1.16.13-gke.400",
              "1.16.13-gke.1",
              "1.16.11-gke.5",
              "1.16.10-gke.8",
              "1.16.9-gke.6",
              "1.16.9-gke.2",
              "1.16.8-gke.15",
              "1.16.8-gke.12",
              "1.16.8-gke.9",
              "1.15.12-gke.6002",
              "1.15.12-gke.6001",
              "1.15.12-gke.5000",
              "1.15.12-gke.4002",
              "1.15.12-gke.4000",
              "1.15.12-gke.20",
              "1.15.12-gke.17",
              "1.15.12-gke.16",
              "1.15.12-gke.13",
              "1.15.12-gke.9",
              "1.15.12-gke.6",
              "1.15.12-gke.3",
              "1.15.12-gke.2",
              "1.15.11-gke.17",
              "1.15.11-gke.15",
              "1.15.11-gke.13",
              "1.15.11-gke.12",
              "1.15.11-gke.11",
              "1.15.11-gke.9",
              "1.15.11-gke.5",
              "1.15.11-gke.3",
              "1.15.11-gke.1",
              "1.15.9-gke.26",
              "1.15.9-gke.24",
              "1.15.9-gke.22",
              "1.15.9-gke.12",
              "1.15.9-gke.9",
              "1.15.9-gke.8",
              "1.15.8-gke.3",
              "1.15.8-gke.2",
              "1.15.7-gke.23",
              "1.15.7-gke.2",
              "1.15.4-gke.22",
              "1.14.10-gke.1504",
              "1.14.10-gke.902",
              "1.14.10-gke.50",
              "1.14.10-gke.46",
              "1.14.10-gke.45",
              "1.14.10-gke.42",
              "1.14.10-gke.41",
              "1.14.10-gke.40",
              "1.14.10-gke.37",
              "1.14.10-gke.36",
              "1.14.10-gke.34",
              "1.14.10-gke.32",
              "1.14.10-gke.31",
              "1.14.10-gke.27",
              "1.14.10-gke.24",
              "1.14.10-gke.22",
              "1.14.10-gke.21",
              "1.14.10-gke.17",
              "1.14.10-gke.0",
              "1.14.9-gke.23",
              "1.14.9-gke.2",
              "1.14.9-gke.0",
              "1.14.8-gke.33",
              "1.14.8-gke.21",
              "1.14.8-gke.18",
              "1.14.8-gke.17",
              "1.14.8-gke.14",
              "1.14.8-gke.12",
              "1.14.8-gke.7",
              "1.14.8-gke.2",
              "1.14.7-gke.40",
              "1.14.7-gke.25",
              "1.14.7-gke.23",
              "1.14.7-gke.17",
              "1.14.7-gke.14",
              "1.14.7-gke.10",
              "1.14.6-gke.13",
              "1.14.6-gke.2",
              "1.14.6-gke.1",
              "1.14.3-gke.11",
              "1.14.3-gke.10",
              "1.14.3-gke.9",
              "1.14.2-gke.9",
              "1.14.1-gke.5",
              "1.13.12-gke.30",
              "1.13.12-gke.25",
              "1.13.12-gke.17",
              "1.13.12-gke.16",
              "1.13.12-gke.14",
              "1.13.12-gke.13",
              "1.13.12-gke.10",
              "1.13.12-gke.8",
              "1.13.12-gke.4",
              "1.13.12-gke.2",
              "1.13.11-gke.23",
              "1.13.11-gke.15",
              "1.13.11-gke.14",
              "1.13.11-gke.12",
              "1.13.11-gke.11",
              "1.13.11-gke.9",
              "1.13.11-gke.5",
              "1.13.10-gke.7",
              "1.13.10-gke.0",
              "1.13.9-gke.11",
              "1.13.9-gke.3",
              "1.13.7-gke.24",
              "1.13.7-gke.19",
              "1.13.7-gke.15",
              "1.13.7-gke.8",
              "1.13.7-gke.0",
              "1.13.6-gke.13",
              "1.13.6-gke.6",
              "1.13.6-gke.5",
              "1.13.6-gke.0",
              "1.13.5-gke.10",
              "1.12.10-gke.22",
              "1.12.10-gke.20",
              "1.12.10-gke.19",
              "1.12.10-gke.18",
              "1.12.10-gke.17",
              "1.12.10-gke.15",
              "1.12.10-gke.13",
              "1.12.10-gke.11",
              "1.12.10-gke.5",
              "1.12.9-gke.16",
              "1.12.9-gke.15",
              "1.12.9-gke.13",
              "1.12.9-gke.10",
              "1.12.9-gke.7",
              "1.12.9-gke.3",
              "1.12.8-gke.12",
              "1.12.8-gke.10",
              "1.12.8-gke.7",
              "1.12.8-gke.6",
              "1.12.7-gke.26",
              "1.12.7-gke.25",
              "1.12.7-gke.24",
              "1.12.7-gke.22",
              "1.12.7-gke.21",
              "1.12.7-gke.17",
              "1.12.7-gke.10",
              "1.12.7-gke.7",
              "1.12.6-gke.11",
              "1.12.6-gke.10",
              "1.12.6-gke.7",
              "1.12.5-gke.10",
              "1.12.5-gke.5",
              "1.11.10-gke.6",
              "1.11.10-gke.5"
            ],
            "version_prefix": null
          },
          "sensitive_attributes": []
        }
      ]
    },
    {
      "module": "module.gcp_environment.module.kubernetes.module.gke",
      "mode": "managed",
      "type": "google_container_cluster",
      "name": "primary",
      "provider": "provider[\"registry.terraform.io/hashicorp/google\"]",
      "instances": [
        {
          "schema_version": 2,
          "attributes": {
            "addons_config": [
              {
                "cloudrun_config": [],
                "config_connector_config": [
                  {
                    "enabled": false
                  }
                ],
                "dns_cache_config": [
                  {
                    "enabled": false
                  }
                ],
                "gce_persistent_disk_csi_driver_config": [
                  {
                    "enabled": true
                  }
                ],
                "gcp_filestore_csi_driver_config": [
                  {
                    "enabled": false
                  }
                ],
                "gcs_fuse_csi_driver_config": [],
                "gke_backup_agent_config": [
                  {
                    "enabled": false
                  }
                ],
                "horizontal_pod_autoscaling": [
                  {
                    "disabled": false
                  }
                ],
                "http_load_balancing": [
                  {
                    "disabled": false
                  }
                ],
                "network_policy_config": [
                  {
                    "disabled": true
                  }
                ]
              }
            ],
            "allow_net_admin": null,
            "authenticator_groups_config": [],
            "binary_authorization": [
              {
                "enabled": false,
                "evaluation_mode": ""
              }
            ],
            "cluster_autoscaling": [
              {
                "auto_provisioning_defaults": [],
                "autoscaling_profile": "BALANCED",
                "enabled": false,
                "resource_limits": []
              }
            ],
            "cluster_ipv4_cidr": "10.100.0.0/14",
            "confidential_nodes": [],
            "cost_management_config": [],
            "database_encryption": [
              {
                "key_name": "",
                "state": "DECRYPTED"
              }
            ],
            "datapath_provider": "",
            "default_max_pods_per_node": 110,
            "default_snat_status": [
              {
                "disabled": false
              }
            ],
            "deletion_protection": false,
            "description": "",
            "dns_config": [],
            "enable_autopilot": false,
            "enable_intranode_visibility": false,
            "enable_k8s_beta_apis": [],
            "enable_kubernetes_alpha": false,
            "enable_l4_ilb_subsetting": false,
            "enable_legacy_abac": false,
            "enable_shielded_nodes": true,
            "enable_tpu": false,
            "endpoint": "35.247.90.94",
            "fleet": [],
            "gateway_api_config": [],
            "id": "projects/abridge-407504/locations/us-west1/clusters/aberg-cluster",
            "identity_service_config": [],
            "initial_node_count": 0,
            "ip_allocation_policy": [
              {
                "additional_pod_ranges_config": [],
                "cluster_ipv4_cidr_block": "10.100.0.0/14",
                "cluster_secondary_range_name": "gke-aberg-cluster-pods-6f22b31e",
                "pod_cidr_overprovision_config": [
                  {
                    "disabled": false
                  }
                ],
                "services_ipv4_cidr_block": "10.104.0.0/20",
                "services_secondary_range_name": "gke-aberg-cluster-services-6f22b31e",
                "stack_type": "IPV4"
              }
            ],
            "label_fingerprint": "a9dc16a7",
            "location": "us-west1",
            "logging_config": [
              {
                "enable_components": [
                  "SYSTEM_COMPONENTS",
                  "WORKLOADS"
                ]
              }
            ],
            "logging_service": "logging.googleapis.com/kubernetes",
            "maintenance_policy": [
              {
                "daily_maintenance_window": [
                  {
                    "duration": "PT4H0M0S",
                    "start_time": "05:00"
                  }
                ],
                "maintenance_exclusion": [],
                "recurring_window": []
              }
            ],
            "master_auth": [
              {
                "client_certificate": "",
                "client_certificate_config": [
                  {
                    "issue_client_certificate": false
                  }
                ],
                "client_key": "",
                "cluster_ca_certificate": "LS0tLS1CRUdJTiBDRVJUSUZJQ0FURS0tLS0tCk1JSUVMRENDQXBTZ0F3SUJBZ0lRVEJ6UDdqUHZLNTZyc0pXREFlNXN0REFOQmdrcWhraUc5dzBCQVFzRkFEQXYKTVMwd0t3WURWUVFERXlSak5tSmpPRE15TVMwd1lXUXhMVFJsT0RJdE9EazVNeTB6TjJVME5qQXlZbVZqWkdRdwpJQmNOTWpNeE1qRTFNRFExT1RRd1doZ1BNakExTXpFeU1EY3dOVFU1TkRCYU1DOHhMVEFyQmdOVkJBTVRKR00yClltTTRNekl4TFRCaFpERXROR1U0TWkwNE9Ua3pMVE0zWlRRMk1ESmlaV05rWkRDQ0FhSXdEUVlKS29aSWh2Y04KQVFFQkJRQURnZ0dQQURDQ0FZb0NnZ0dCQU5NSGkzaG43VEU1RkZJZDJwakZkU25aZmhkbGVUbVBEY2xQL09qNQp4MzEvWGY5TXQxQ051MCtQdnhVWThBc0tVeTRuUzB5elZPcU4yeHVoQUhzV045dXJSN3MybDU0RExkS3dWbW9lCndGek9rbTEraHdFdkRkOERad2NibXM2UjdlNXZvdytXekNmQS94eGtnMmpWdFpGRG9CZVQ2Q1AvUFFldW8rL3AKTmR1VDdJOTloM0xDM29wSUM2VGQwSVVHNE8xU1BoY25DNWdUdk9lWStMaUowTFlSNFZNYUJyeFh0K0FmT216aAprQWhRNUsvVEZFQnZuMyt2dld4Zmx3WENhRTduTFZ4eFE5MXl1OGNXWWF3cHJXWFRSbnNkVVNwVDVteHVCaU0rCjZyOGlCaHYzZHp2WGNjNko0TDdaa2hHSEVwalo1cGQzQWJiT2FRdGVBay9NcHo0dW0rUW5LaTF0KzBBUGl3TWwKbG8wUU55a1hlNWNpTVdxVWwwWmNhRWZOUXdyNFpLbjNabXZpZkpnai9qZ1NMMmI1ek9DWDBqM1J1Vi9OamZ0RApuSUtDaDh1WDhHS21iZzlzWERoTFpITkowMEJZLzdpREpsZDR6cmtlNmFvemxNVkIwVVFLU0xHRlZkUEV2Njl2ClU1TWw1dVFtbGVZQldIeU45d05VZ2xtVWhRSURBUUFCbzBJd1FEQU9CZ05WSFE4QkFmOEVCQU1DQWdRd0R3WUQKVlIwVEFRSC9CQVV3QXdFQi96QWRCZ05WSFE0RUZnUVVHVGZaMzBFSkxxQzZWbGhFNlFkeGhPMm4zQXd3RFFZSgpLb1pJaHZjTkFRRUxCUUFEZ2dHQkFJUks3STRhV09Cd01meXNkZE02M1N4UlRHRFpqbC9TUGE2cU1mOWZUdC9FCmJlWXo5Z0MwZnpGeUpwN0hNYVdXd3JGbkE0dUtHTFhzSFdqTitnY2NFb1FlWUl5c1F4ajlaZ0J3UDJYS2x2blYKNkdqZUkwbTM1ZW5BeStpalFLNGlUNzNsenNhSFlUa0tiQVM3YUIzVnpYQjlIT0EyUU1nQUZ5Syt4NGtMTEFWSQpSY2s0SGNZeGp6NUMzelVRMVVqTFNQcVpEWTh6WThJVTNGbnZGQUExLzdHTENXQk5uMzRsZTNiUzFaZWlsT3BhCjQ3aFNxVzNXRi83OEp6V1NBVk1OUUZrUDB1NjhrOUk5dU1jL2srdmJCeDk5aTlpM3NRbVZ3UG9oRCtkRnJTVVAKemt4R3NndXNILzFCSWtpT1RiNGhuYmpUTm5tNWRDOE0yWlZPUXQ0VkRCQUNueGFqd0tVVC9PbVdKMVRvSTJPRQp3NnFycWoweUs1QzFybGtQV09pN3BUL1VKLzRNZ1hRZkpsYmNFOEpPM25pL2FadVpDUzZaZjhSSnBiYnFyeEJxClk5aTdJd0pGN2V3SHV1Vk53cGNNU0I1WE5qeGNTNUVUeVBpNmliWnBmSU9wLzA0UDhXb0pNVXQyMitLMmRZRk4KZXRqeDNaMGZvM2tzcExTajZWYkFpUT09Ci0tLS0tRU5EIENFUlRJRklDQVRFLS0tLS0K"
              }
            ],
            "master_authorized_networks_config": [],
            "master_version": "1.27.3-gke.100",
            "mesh_certificates": [
              {
                "enable_certificates": false
              }
            ],
            "min_master_version": null,
            "monitoring_config": [
              {
                "advanced_datapath_observability_config": [
                  {
                    "enable_metrics": false,
                    "relay_mode": ""
                  }
                ],
                "enable_components": [
                  "SYSTEM_COMPONENTS"
                ],
                "managed_prometheus": [
                  {
                    "enabled": true
                  }
                ]
              }
            ],
            "monitoring_service": "monitoring.googleapis.com/kubernetes",
            "name": "aberg-cluster",
            "network": "projects/abridge-407504/global/networks/aberg-vpc",
            "network_policy": [
              {
                "enabled": false,
                "provider": "PROVIDER_UNSPECIFIED"
              }
            ],
            "networking_mode": "VPC_NATIVE",
            "node_config": [
              {
                "advanced_machine_features": [],
                "boot_disk_kms_key": "",
                "confidential_nodes": [],
                "disk_size_gb": 100,
                "disk_type": "pd-balanced",
                "effective_taints": [],
                "ephemeral_storage_local_ssd_config": [],
                "fast_socket": [],
                "gcfs_config": [],
                "guest_accelerator": [],
                "gvnic": [],
                "host_maintenance_policy": [],
                "image_type": "COS_CONTAINERD",
                "kubelet_config": [],
                "labels": {},
                "linux_node_config": [],
                "local_nvme_ssd_block_config": [],
                "local_ssd_count": 0,
                "logging_variant": "DEFAULT",
                "machine_type": "e2-medium",
                "metadata": {
                  "disable-legacy-endpoints": "true"
                },
                "min_cpu_platform": "",
                "node_group": "",
                "oauth_scopes": [
                  "https://www.googleapis.com/auth/cloud-platform",
                  "https://www.googleapis.com/auth/userinfo.email"
                ],
                "preemptible": false,
                "reservation_affinity": [],
                "resource_labels": {},
                "service_account": "tf-gke-aberg-cluster-7czf@abridge-407504.iam.gserviceaccount.com",
                "shielded_instance_config": [
                  {
                    "enable_integrity_monitoring": true,
                    "enable_secure_boot": false
                  }
                ],
                "sole_tenant_config": [],
                "spot": false,
                "tags": [
                  "gke-aberg-cluster",
                  "gke-aberg-cluster-default-pool"
                ],
                "taint": [],
                "workload_metadata_config": [
                  {
                    "mode": "GKE_METADATA"
                  }
                ]
              }
            ],
            "node_locations": [
              "us-west1-a",
              "us-west1-b",
              "us-west1-c"
            ],
            "node_pool": [
              {
                "autoscaling": [],
                "initial_node_count": 0,
                "instance_group_urls": [
                  "https://www.googleapis.com/compute/v1/projects/abridge-407504/zones/us-west1-a/instanceGroupManagers/gke-aberg-cluster-default-pool-239bf58e-grp",
                  "https://www.googleapis.com/compute/v1/projects/abridge-407504/zones/us-west1-b/instanceGroupManagers/gke-aberg-cluster-default-pool-f5c53100-grp",
                  "https://www.googleapis.com/compute/v1/projects/abridge-407504/zones/us-west1-c/instanceGroupManagers/gke-aberg-cluster-default-pool-c8d71b5d-grp"
                ],
                "managed_instance_group_urls": [
                  "https://www.googleapis.com/compute/v1/projects/abridge-407504/zones/us-west1-a/instanceGroups/gke-aberg-cluster-default-pool-239bf58e-grp",
                  "https://www.googleapis.com/compute/v1/projects/abridge-407504/zones/us-west1-b/instanceGroups/gke-aberg-cluster-default-pool-f5c53100-grp",
                  "https://www.googleapis.com/compute/v1/projects/abridge-407504/zones/us-west1-c/instanceGroups/gke-aberg-cluster-default-pool-c8d71b5d-grp"
                ],
                "management": [
                  {
                    "auto_repair": true,
                    "auto_upgrade": true
                  }
                ],
                "max_pods_per_node": 110,
                "name": "default-pool",
                "name_prefix": "",
                "network_config": [
                  {
                    "create_pod_range": false,
                    "enable_private_nodes": false,
                    "pod_cidr_overprovision_config": [],
                    "pod_ipv4_cidr_block": "10.100.0.0/14",
                    "pod_range": "gke-aberg-cluster-pods-6f22b31e"
                  }
                ],
                "node_config": [
                  {
                    "advanced_machine_features": [],
                    "boot_disk_kms_key": "",
                    "confidential_nodes": [],
                    "disk_size_gb": 100,
                    "disk_type": "pd-balanced",
                    "effective_taints": [],
                    "ephemeral_storage_local_ssd_config": [],
                    "fast_socket": [],
                    "gcfs_config": [],
                    "guest_accelerator": [],
                    "gvnic": [],
                    "host_maintenance_policy": [],
                    "image_type": "COS_CONTAINERD",
                    "kubelet_config": [],
                    "labels": {},
                    "linux_node_config": [],
                    "local_nvme_ssd_block_config": [],
                    "local_ssd_count": 0,
                    "logging_variant": "DEFAULT",
                    "machine_type": "e2-medium",
                    "metadata": {
                      "disable-legacy-endpoints": "true"
                    },
                    "min_cpu_platform": "",
                    "node_group": "",
                    "oauth_scopes": [
                      "https://www.googleapis.com/auth/cloud-platform",
                      "https://www.googleapis.com/auth/userinfo.email"
                    ],
                    "preemptible": false,
                    "reservation_affinity": [],
                    "resource_labels": null,
                    "service_account": "tf-gke-aberg-cluster-7czf@abridge-407504.iam.gserviceaccount.com",
                    "shielded_instance_config": [
                      {
                        "enable_integrity_monitoring": true,
                        "enable_secure_boot": false
                      }
                    ],
                    "sole_tenant_config": [],
                    "spot": false,
                    "tags": [
                      "gke-aberg-cluster",
                      "gke-aberg-cluster-default-pool"
                    ],
                    "taint": [],
                    "workload_metadata_config": [
                      {
                        "mode": "GKE_METADATA"
                      }
                    ]
                  }
                ],
                "node_count": 0,
                "node_locations": [
                  "us-west1-a",
                  "us-west1-b",
                  "us-west1-c"
                ],
                "placement_policy": [],
                "upgrade_settings": [
                  {
                    "blue_green_settings": [],
                    "max_surge": 1,
                    "max_unavailable": 0,
                    "strategy": "SURGE"
                  }
                ],
                "version": "1.27.3-gke.100"
              }
            ],
            "node_pool_auto_config": [],
            "node_pool_defaults": [
              {
                "node_config_defaults": [
                  {
                    "logging_variant": "DEFAULT"
                  }
                ]
              }
            ],
            "node_version": "1.27.3-gke.100",
            "notification_config": [
              {
                "pubsub": [
                  {
                    "enabled": false,
                    "filter": [],
                    "topic": ""
                  }
                ]
              }
            ],
            "operation": null,
            "private_cluster_config": [
              {
                "enable_private_endpoint": false,
                "enable_private_nodes": false,
                "master_global_access_config": [
                  {
                    "enabled": false
                  }
                ],
                "master_ipv4_cidr_block": "",
                "peering_name": "",
                "private_endpoint": "172.16.0.2",
                "private_endpoint_subnetwork": "",
                "public_endpoint": "35.247.90.94"
              }
            ],
            "private_ipv6_google_access": "",
            "project": "abridge-407504",
            "release_channel": [
              {
                "channel": "REGULAR"
              }
            ],
            "remove_default_node_pool": false,
            "resource_labels": null,
            "resource_usage_export_config": [],
            "security_posture_config": [
              {
                "mode": "DISABLED",
                "vulnerability_mode": "VULNERABILITY_DISABLED"
              }
            ],
            "self_link": "https://container.googleapis.com/v1/projects/abridge-407504/locations/us-west1/clusters/aberg-cluster",
            "service_external_ips_config": [
              {
                "enabled": false
              }
            ],
            "services_ipv4_cidr": "10.104.0.0/20",
            "subnetwork": "projects/abridge-407504/regions/us-west1/subnetworks/aberg-us-west1-gke",
            "timeouts": {
              "create": "45m",
              "delete": "45m",
              "read": null,
              "update": "45m"
            },
            "tpu_ipv4_cidr_block": "",
            "vertical_pod_autoscaling": [
              {
                "enabled": false
              }
            ],
            "workload_identity_config": [
              {
                "workload_pool": "abridge-407504.svc.id.goog"
              }
            ]
          },
          "sensitive_attributes": [],
          "private": "eyJlMmJmYjczMC1lY2FhLTExZTYtOGY4OC0zNDM2M2JjN2M0YzAiOnsiY3JlYXRlIjoyNzAwMDAwMDAwMDAwLCJkZWxldGUiOjI3MDAwMDAwMDAwMDAsInJlYWQiOjI0MDAwMDAwMDAwMDAsInVwZGF0ZSI6MjcwMDAwMDAwMDAwMH0sInNjaGVtYV92ZXJzaW9uIjoiMiJ9",
          "dependencies": [
            "data.google_compute_zones.available",
            "module.gcp_environment.module.kubernetes.data.google_compute_zones.available",
            "module.gcp_environment.module.kubernetes.module.gke.data.google_compute_zones.available",
            "module.gcp_environment.module.kubernetes.module.gke.data.google_container_engine_versions.region",
            "module.gcp_environment.module.kubernetes.module.gke.data.google_container_engine_versions.zone",
            "module.gcp_environment.module.kubernetes.module.gke.google_service_account.cluster_service_account",
            "module.gcp_environment.module.kubernetes.module.gke.random_shuffle.available_zones",
            "module.gcp_environment.module.kubernetes.module.gke.random_string.cluster_service_account_suffix",
            "module.gcp_environment.module.network.module.vpc.module.vpc.google_compute_network.network"
          ]
        }
      ]
    },
    {
      "module": "module.gcp_environment.module.kubernetes.module.gke",
      "mode": "managed",
      "type": "google_container_node_pool",
      "name": "pools",
      "provider": "provider[\"registry.terraform.io/hashicorp/google\"]",
      "instances": [
        {
          "index_key": "aberg-us-west1-general",
          "schema_version": 1,
          "attributes": {
            "autoscaling": [
              {
                "location_policy": "BALANCED",
                "max_node_count": 3,
                "min_node_count": 1,
                "total_max_node_count": 0,
                "total_min_node_count": 0
              }
            ],
            "cluster": "aberg-cluster",
            "id": "projects/abridge-407504/locations/us-west1/clusters/aberg-cluster/nodePools/aberg-us-west1-general",
            "initial_node_count": 1,
            "instance_group_urls": [
              "https://www.googleapis.com/compute/v1/projects/abridge-407504/zones/us-west1-a/instanceGroupManagers/gke-aberg-cluster-aberg-us-west1-gene-e0c71e5b-grp",
              "https://www.googleapis.com/compute/v1/projects/abridge-407504/zones/us-west1-b/instanceGroupManagers/gke-aberg-cluster-aberg-us-west1-gene-115608b3-grp",
              "https://www.googleapis.com/compute/v1/projects/abridge-407504/zones/us-west1-c/instanceGroupManagers/gke-aberg-cluster-aberg-us-west1-gene-1868f3bc-grp"
            ],
            "location": "us-west1",
            "managed_instance_group_urls": [
              "https://www.googleapis.com/compute/v1/projects/abridge-407504/zones/us-west1-a/instanceGroups/gke-aberg-cluster-aberg-us-west1-gene-e0c71e5b-grp",
              "https://www.googleapis.com/compute/v1/projects/abridge-407504/zones/us-west1-b/instanceGroups/gke-aberg-cluster-aberg-us-west1-gene-115608b3-grp",
              "https://www.googleapis.com/compute/v1/projects/abridge-407504/zones/us-west1-c/instanceGroups/gke-aberg-cluster-aberg-us-west1-gene-1868f3bc-grp"
            ],
            "management": [
              {
                "auto_repair": true,
                "auto_upgrade": true
              }
            ],
            "max_pods_per_node": 110,
            "name": "aberg-us-west1-general",
            "name_prefix": "",
            "network_config": [
              {
                "create_pod_range": false,
                "enable_private_nodes": false,
                "pod_cidr_overprovision_config": [],
                "pod_ipv4_cidr_block": "10.100.0.0/14",
                "pod_range": "gke-aberg-cluster-pods-6f22b31e"
              }
            ],
            "node_config": [
              {
                "advanced_machine_features": [],
                "boot_disk_kms_key": "",
                "confidential_nodes": [],
                "disk_size_gb": 10,
                "disk_type": "pd-standard",
                "effective_taints": [],
                "ephemeral_storage_local_ssd_config": [],
                "fast_socket": [],
                "gcfs_config": [],
                "guest_accelerator": [],
                "gvnic": [],
                "host_maintenance_policy": [],
                "image_type": "COS_CONTAINERD",
                "kubelet_config": [],
                "labels": {
                  "cluster_name": "aberg-cluster",
                  "node_pool": "aberg-us-west1-general"
                },
                "linux_node_config": [],
                "local_nvme_ssd_block_config": [],
                "local_ssd_count": 0,
                "logging_variant": "DEFAULT",
                "machine_type": "e2-medium",
                "metadata": {
                  "cluster_name": "aberg-cluster",
                  "disable-legacy-endpoints": "true",
                  "node_pool": "aberg-us-west1-general"
                },
                "min_cpu_platform": "",
                "node_group": "",
                "oauth_scopes": [
                  "https://www.googleapis.com/auth/compute",
                  "https://www.googleapis.com/auth/devstorage.read_write",
                  "https://www.googleapis.com/auth/logging.write",
                  "https://www.googleapis.com/auth/monitoring",
                  "https://www.googleapis.com/auth/service.management.readonly",
                  "https://www.googleapis.com/auth/servicecontrol"
                ],
                "preemptible": false,
                "reservation_affinity": [],
                "resource_labels": null,
                "service_account": "tf-gke-aberg-cluster-7czf@abridge-407504.iam.gserviceaccount.com",
                "shielded_instance_config": [
                  {
                    "enable_integrity_monitoring": true,
                    "enable_secure_boot": false
                  }
                ],
                "sole_tenant_config": [],
                "spot": false,
                "tags": [
                  "gke-aberg-cluster",
                  "gke-aberg-cluster-aberg-us-west1-general"
                ],
                "taint": [],
                "workload_metadata_config": [
                  {
                    "mode": "GKE_METADATA"
                  }
                ]
              }
            ],
            "node_count": 1,
            "node_locations": [
              "us-west1-a",
              "us-west1-b",
              "us-west1-c"
            ],
            "operation": null,
            "placement_policy": [],
            "project": "abridge-407504",
            "timeouts": {
              "create": "45m",
              "delete": "45m",
              "update": "45m"
            },
            "upgrade_settings": [
              {
                "blue_green_settings": [
                  {
                    "node_pool_soak_duration": "3600s",
                    "standard_rollout_policy": [
                      {
                        "batch_node_count": 1,
                        "batch_percentage": 0,
                        "batch_soak_duration": "0s"
                      }
                    ]
                  }
                ],
                "max_surge": 0,
                "max_unavailable": 0,
                "strategy": "BLUE_GREEN"
              }
            ],
            "version": "1.27.3-gke.100"
          },
          "sensitive_attributes": [],
          "private": "eyJlMmJmYjczMC1lY2FhLTExZTYtOGY4OC0zNDM2M2JjN2M0YzAiOnsiY3JlYXRlIjoyNzAwMDAwMDAwMDAwLCJkZWxldGUiOjI3MDAwMDAwMDAwMDAsInVwZGF0ZSI6MjcwMDAwMDAwMDAwMH0sInNjaGVtYV92ZXJzaW9uIjoiMSJ9",
          "dependencies": [
            "data.google_compute_zones.available",
            "module.gcp_environment.module.kubernetes.data.google_compute_zones.available",
            "module.gcp_environment.module.kubernetes.module.gke.data.google_compute_zones.available",
            "module.gcp_environment.module.kubernetes.module.gke.data.google_container_engine_versions.region",
            "module.gcp_environment.module.kubernetes.module.gke.data.google_container_engine_versions.zone",
            "module.gcp_environment.module.kubernetes.module.gke.google_container_cluster.primary",
            "module.gcp_environment.module.kubernetes.module.gke.google_service_account.cluster_service_account",
            "module.gcp_environment.module.kubernetes.module.gke.random_shuffle.available_zones",
            "module.gcp_environment.module.kubernetes.module.gke.random_string.cluster_service_account_suffix",
            "module.gcp_environment.module.network.module.vpc.module.vpc.google_compute_network.network"
          ]
        }
      ]
    },
    {
      "module": "module.gcp_environment.module.kubernetes.module.gke",
      "mode": "managed",
      "type": "google_project_iam_member",
      "name": "cluster_service_account-nodeService_account",
      "provider": "provider[\"registry.terraform.io/hashicorp/google\"]",
      "instances": [
        {
          "index_key": 0,
          "schema_version": 0,
          "attributes": {
            "condition": [],
            "etag": "BwYMhhqzzO4=",
            "id": "abridge-407504/roles/container.nodeServiceAccount/serviceAccount:tf-gke-aberg-cluster-7czf@abridge-407504.iam.gserviceaccount.com",
            "member": "serviceAccount:tf-gke-aberg-cluster-7czf@abridge-407504.iam.gserviceaccount.com",
            "project": "abridge-407504",
            "role": "roles/container.nodeServiceAccount"
          },
          "sensitive_attributes": [],
          "private": "bnVsbA==",
          "dependencies": [
            "module.gcp_environment.module.kubernetes.module.gke.google_service_account.cluster_service_account",
            "module.gcp_environment.module.kubernetes.module.gke.random_string.cluster_service_account_suffix"
          ]
        }
      ]
    },
    {
      "module": "module.gcp_environment.module.kubernetes.module.gke",
      "mode": "managed",
      "type": "google_service_account",
      "name": "cluster_service_account",
      "provider": "provider[\"registry.terraform.io/hashicorp/google\"]",
      "instances": [
        {
          "index_key": 0,
          "schema_version": 0,
          "attributes": {
            "account_id": "tf-gke-aberg-cluster-7czf",
            "description": "",
            "disabled": false,
            "display_name": "Terraform-managed service account for cluster aberg-cluster",
            "email": "tf-gke-aberg-cluster-7czf@abridge-407504.iam.gserviceaccount.com",
            "id": "projects/abridge-407504/serviceAccounts/tf-gke-aberg-cluster-7czf@abridge-407504.iam.gserviceaccount.com",
            "member": "serviceAccount:tf-gke-aberg-cluster-7czf@abridge-407504.iam.gserviceaccount.com",
            "name": "projects/abridge-407504/serviceAccounts/tf-gke-aberg-cluster-7czf@abridge-407504.iam.gserviceaccount.com",
            "project": "abridge-407504",
            "timeouts": null,
            "unique_id": "110631655267613541262"
          },
          "sensitive_attributes": [],
          "private": "eyJlMmJmYjczMC1lY2FhLTExZTYtOGY4OC0zNDM2M2JjN2M0YzAiOnsiY3JlYXRlIjozMDAwMDAwMDAwMDB9fQ==",
          "dependencies": [
            "module.gcp_environment.module.kubernetes.module.gke.random_string.cluster_service_account_suffix"
          ]
        }
      ]
    },
    {
      "module": "module.gcp_environment.module.kubernetes.module.gke",
      "mode": "managed",
      "type": "random_string",
      "name": "cluster_service_account_suffix",
      "provider": "provider[\"registry.terraform.io/hashicorp/random\"]",
      "instances": [
        {
          "schema_version": 2,
          "attributes": {
            "id": "7czf",
            "keepers": null,
            "length": 4,
            "lower": true,
            "min_lower": 0,
            "min_numeric": 0,
            "min_special": 0,
            "min_upper": 0,
            "number": true,
            "numeric": true,
            "override_special": null,
            "result": "7czf",
            "special": false,
            "upper": false
          },
          "sensitive_attributes": []
        }
      ]
    },
    {
      "module": "module.gcp_environment.module.network",
      "mode": "data",
      "type": "google_compute_regions",
      "name": "region",
      "provider": "provider[\"registry.terraform.io/hashicorp/google\"]",
      "instances": [
        {
          "schema_version": 0,
          "attributes": {
            "id": "projects/abridge-407504",
            "names": [
              "asia-east1",
              "asia-east2",
              "asia-northeast1",
              "asia-northeast2",
              "asia-northeast3",
              "asia-south1",
              "asia-south2",
              "asia-southeast1",
              "asia-southeast2",
              "australia-southeast1",
              "australia-southeast2",
              "europe-central2",
              "europe-north1",
              "europe-southwest1",
              "europe-west1",
              "europe-west10",
              "europe-west12",
              "europe-west2",
              "europe-west3",
              "europe-west4",
              "europe-west6",
              "europe-west8",
              "europe-west9",
              "me-central1",
              "me-central2",
              "me-west1",
              "northamerica-northeast1",
              "northamerica-northeast2",
              "southamerica-east1",
              "southamerica-west1",
              "us-central1",
              "us-east1",
              "us-east4",
              "us-east5",
              "us-south1",
              "us-west1",
              "us-west2",
              "us-west3",
              "us-west4"
            ],
            "project": "abridge-407504",
            "status": null
          },
          "sensitive_attributes": []
        }
      ]
    },
    {
      "module": "module.gcp_environment.module.network",
      "mode": "data",
      "type": "google_compute_zones",
      "name": "by_region",
      "provider": "provider[\"registry.terraform.io/hashicorp/google\"]",
      "instances": [
        {
          "schema_version": 0,
          "attributes": {
            "id": "projects/abridge-407504/regions/us-west1",
            "names": [
              "us-west1-a",
              "us-west1-b",
              "us-west1-c"
            ],
            "project": "abridge-407504",
            "region": "us-west1",
            "status": null
          },
          "sensitive_attributes": []
        }
      ]
    },
    {
      "module": "module.gcp_environment.module.network.module.vpc.module.subnets",
      "mode": "managed",
      "type": "google_compute_subnetwork",
      "name": "subnetwork",
      "provider": "provider[\"registry.terraform.io/hashicorp/google\"]",
      "instances": [
        {
          "index_key": "us-west1/aberg-us-west1-gke",
          "schema_version": 0,
          "attributes": {
            "creation_timestamp": "2023-12-14T21:59:41.670-08:00",
            "description": "",
            "external_ipv6_prefix": "",
            "fingerprint": null,
            "gateway_address": "172.16.0.1",
            "id": "projects/abridge-407504/regions/us-west1/subnetworks/aberg-us-west1-gke",
            "internal_ipv6_prefix": "",
            "ip_cidr_range": "172.16.0.0/20",
            "ipv6_access_type": "",
            "ipv6_cidr_range": "",
            "log_config": [],
            "name": "aberg-us-west1-gke",
            "network": "https://www.googleapis.com/compute/v1/projects/abridge-407504/global/networks/aberg-vpc",
            "private_ip_google_access": true,
            "private_ipv6_google_access": "DISABLE_GOOGLE_ACCESS",
            "project": "abridge-407504",
            "purpose": "PRIVATE",
            "region": "us-west1",
            "role": "",
            "secondary_ip_range": [],
            "self_link": "https://www.googleapis.com/compute/v1/projects/abridge-407504/regions/us-west1/subnetworks/aberg-us-west1-gke",
            "stack_type": "IPV4_ONLY",
            "timeouts": null
          },
          "sensitive_attributes": [],
          "private": "eyJlMmJmYjczMC1lY2FhLTExZTYtOGY4OC0zNDM2M2JjN2M0YzAiOnsiY3JlYXRlIjoxMjAwMDAwMDAwMDAwLCJkZWxldGUiOjEyMDAwMDAwMDAwMDAsInVwZGF0ZSI6MTIwMDAwMDAwMDAwMH19",
          "dependencies": [
            "module.gcp_environment.module.network.module.vpc.module.vpc.google_compute_network.network"
          ]
        },
        {
          "index_key": "us-west1/aberg-us-west1-pods",
          "schema_version": 0,
          "attributes": {
            "creation_timestamp": "2023-12-14T21:59:40.736-08:00",
            "description": "",
            "external_ipv6_prefix": "",
            "fingerprint": null,
            "gateway_address": "10.0.0.1",
            "id": "projects/abridge-407504/regions/us-west1/subnetworks/aberg-us-west1-pods",
            "internal_ipv6_prefix": "",
            "ip_cidr_range": "10.0.0.0/16",
            "ipv6_access_type": "",
            "ipv6_cidr_range": "",
            "log_config": [],
            "name": "aberg-us-west1-pods",
            "network": "https://www.googleapis.com/compute/v1/projects/abridge-407504/global/networks/aberg-vpc",
            "private_ip_google_access": true,
            "private_ipv6_google_access": "DISABLE_GOOGLE_ACCESS",
            "project": "abridge-407504",
            "purpose": "PRIVATE",
            "region": "us-west1",
            "role": "",
            "secondary_ip_range": [],
            "self_link": "https://www.googleapis.com/compute/v1/projects/abridge-407504/regions/us-west1/subnetworks/aberg-us-west1-pods",
            "stack_type": "IPV4_ONLY",
            "timeouts": null
          },
          "sensitive_attributes": [],
          "private": "eyJlMmJmYjczMC1lY2FhLTExZTYtOGY4OC0zNDM2M2JjN2M0YzAiOnsiY3JlYXRlIjoxMjAwMDAwMDAwMDAwLCJkZWxldGUiOjEyMDAwMDAwMDAwMDAsInVwZGF0ZSI6MTIwMDAwMDAwMDAwMH19",
          "dependencies": [
            "module.gcp_environment.module.network.module.vpc.module.vpc.google_compute_network.network"
          ]
        },
        {
          "index_key": "us-west1/aberg-us-west1-services",
          "schema_version": 0,
          "attributes": {
            "creation_timestamp": "2023-12-14T21:59:40.608-08:00",
            "description": "",
            "external_ipv6_prefix": "",
            "fingerprint": null,
            "gateway_address": "192.168.255.1",
            "id": "projects/abridge-407504/regions/us-west1/subnetworks/aberg-us-west1-services",
            "internal_ipv6_prefix": "",
            "ip_cidr_range": "192.168.255.0/24",
            "ipv6_access_type": "",
            "ipv6_cidr_range": "",
            "log_config": [],
            "name": "aberg-us-west1-services",
            "network": "https://www.googleapis.com/compute/v1/projects/abridge-407504/global/networks/aberg-vpc",
            "private_ip_google_access": true,
            "private_ipv6_google_access": "DISABLE_GOOGLE_ACCESS",
            "project": "abridge-407504",
            "purpose": "PRIVATE",
            "region": "us-west1",
            "role": "",
            "secondary_ip_range": [],
            "self_link": "https://www.googleapis.com/compute/v1/projects/abridge-407504/regions/us-west1/subnetworks/aberg-us-west1-services",
            "stack_type": "IPV4_ONLY",
            "timeouts": null
          },
          "sensitive_attributes": [],
          "private": "eyJlMmJmYjczMC1lY2FhLTExZTYtOGY4OC0zNDM2M2JjN2M0YzAiOnsiY3JlYXRlIjoxMjAwMDAwMDAwMDAwLCJkZWxldGUiOjEyMDAwMDAwMDAwMDAsInVwZGF0ZSI6MTIwMDAwMDAwMDAwMH19",
          "dependencies": [
            "module.gcp_environment.module.network.module.vpc.module.vpc.google_compute_network.network"
          ]
        }
      ]
    },
    {
      "module": "module.gcp_environment.module.network.module.vpc.module.vpc",
      "mode": "managed",
      "type": "google_compute_network",
      "name": "network",
      "provider": "provider[\"registry.terraform.io/hashicorp/google\"]",
      "instances": [
        {
          "schema_version": 0,
          "attributes": {
            "auto_create_subnetworks": false,
            "delete_default_routes_on_create": false,
            "description": "Aberg VPC",
            "enable_ula_internal_ipv6": false,
            "gateway_ipv4": "",
            "id": "projects/abridge-407504/global/networks/aberg-vpc",
            "internal_ipv6_range": "",
            "mtu": 0,
            "name": "aberg-vpc",
            "network_firewall_policy_enforcement_order": "AFTER_CLASSIC_FIREWALL",
            "project": "abridge-407504",
            "routing_mode": "GLOBAL",
            "self_link": "https://www.googleapis.com/compute/v1/projects/abridge-407504/global/networks/aberg-vpc",
            "timeouts": null
          },
          "sensitive_attributes": [],
          "private": "eyJlMmJmYjczMC1lY2FhLTExZTYtOGY4OC0zNDM2M2JjN2M0YzAiOnsiY3JlYXRlIjoxMjAwMDAwMDAwMDAwLCJkZWxldGUiOjEyMDAwMDAwMDAwMDAsInVwZGF0ZSI6MTIwMDAwMDAwMDAwMH19"
        }
      ]
    }
  ],
  "check_results": null
}
